// !$*UTF8*$!
{
	archiveVersion = 1;
	classes = {
	};
	objectVersion = 48;
	objects = {

/* Begin PBXBuildFile section */
		1E613CCA6176EEDE8B80B4B4 /* libPods-MyFirstTabBar.a in Frameworks */ = {isa = PBXBuildFile; fileRef = 571418DBFEFF6FF57C6415EB /* libPods-MyFirstTabBar.a */; };
		F44E919D1FBD130B00EB3849 /* WebServices.m in Sources */ = {isa = PBXBuildFile; fileRef = F44E919C1FBD130B00EB3849 /* WebServices.m */; };
		F44E91A11FBD14C400EB3849 /* MatchObject.m in Sources */ = {isa = PBXBuildFile; fileRef = F44E91A01FBD14C400EB3849 /* MatchObject.m */; };
		F44E91A41FBD225F00EB3849 /* GamesObject.m in Sources */ = {isa = PBXBuildFile; fileRef = F44E91A31FBD225F00EB3849 /* GamesObject.m */; };
		F4EB27291FAA9CB100C7F64A /* AppDelegate.m in Sources */ = {isa = PBXBuildFile; fileRef = F4EB27281FAA9CB100C7F64A /* AppDelegate.m */; };
		F4EB272F1FAA9CB100C7F64A /* Main.storyboard in Resources */ = {isa = PBXBuildFile; fileRef = F4EB272D1FAA9CB100C7F64A /* Main.storyboard */; };
		F4EB27321FAA9CB100C7F64A /* MyFirstTabBar.xcdatamodeld in Sources */ = {isa = PBXBuildFile; fileRef = F4EB27301FAA9CB100C7F64A /* MyFirstTabBar.xcdatamodeld */; };
		F4EB27341FAA9CB100C7F64A /* Assets.xcassets in Resources */ = {isa = PBXBuildFile; fileRef = F4EB27331FAA9CB100C7F64A /* Assets.xcassets */; };
		F4EB27371FAA9CB100C7F64A /* LaunchScreen.storyboard in Resources */ = {isa = PBXBuildFile; fileRef = F4EB27351FAA9CB100C7F64A /* LaunchScreen.storyboard */; };
		F4EB273A1FAA9CB100C7F64A /* main.m in Sources */ = {isa = PBXBuildFile; fileRef = F4EB27391FAA9CB100C7F64A /* main.m */; };
		F4EB27441FAAA1AB00C7F64A /* MyViewController1.m in Sources */ = {isa = PBXBuildFile; fileRef = F4EB27431FAAA1AB00C7F64A /* MyViewController1.m */; };
		F4EB27471FAAA1BC00C7F64A /* MyViewController2.m in Sources */ = {isa = PBXBuildFile; fileRef = F4EB27461FAAA1BC00C7F64A /* MyViewController2.m */; };
		F4EB27731FAAB4CF00C7F64A /* Podfile in Resources */ = {isa = PBXBuildFile; fileRef = F4EB27721FAAB4CF00C7F64A /* Podfile */; };
		F4EFADCF1FB2E2670074F7E7 /* VersusCell.m in Sources */ = {isa = PBXBuildFile; fileRef = F4EFADCD1FB2E2670074F7E7 /* VersusCell.m */; };
		F4EFADD01FB2E2670074F7E7 /* VersusCell.xib in Resources */ = {isa = PBXBuildFile; fileRef = F4EFADCE1FB2E2670074F7E7 /* VersusCell.xib */; };
/* End PBXBuildFile section */

/* Begin PBXFileReference section */
		374F6B03059DFDE0506C7E50 /* Pods-MyFirstTabBar.debug.xcconfig */ = {isa = PBXFileReference; includeInIndex = 1; lastKnownFileType = text.xcconfig; name = "Pods-MyFirstTabBar.debug.xcconfig"; path = "Pods/Target Support Files/Pods-MyFirstTabBar/Pods-MyFirstTabBar.debug.xcconfig"; sourceTree = "<group>"; };
		571418DBFEFF6FF57C6415EB /* libPods-MyFirstTabBar.a */ = {isa = PBXFileReference; explicitFileType = archive.ar; includeInIndex = 0; path = "libPods-MyFirstTabBar.a"; sourceTree = BUILT_PRODUCTS_DIR; };
		F44E919B1FBD130B00EB3849 /* WebServices.h */ = {isa = PBXFileReference; lastKnownFileType = sourcecode.c.h; path = WebServices.h; sourceTree = "<group>"; };
		F44E919C1FBD130B00EB3849 /* WebServices.m */ = {isa = PBXFileReference; lastKnownFileType = sourcecode.c.objc; path = WebServices.m; sourceTree = "<group>"; };
		F44E919F1FBD14C400EB3849 /* MatchObject.h */ = {isa = PBXFileReference; lastKnownFileType = sourcecode.c.h; path = MatchObject.h; sourceTree = "<group>"; };
		F44E91A01FBD14C400EB3849 /* MatchObject.m */ = {isa = PBXFileReference; lastKnownFileType = sourcecode.c.objc; path = MatchObject.m; sourceTree = "<group>"; };
		F44E91A21FBD225F00EB3849 /* GamesObject.h */ = {isa = PBXFileReference; lastKnownFileType = sourcecode.c.h; path = GamesObject.h; sourceTree = "<group>"; };
		F44E91A31FBD225F00EB3849 /* GamesObject.m */ = {isa = PBXFileReference; lastKnownFileType = sourcecode.c.objc; path = GamesObject.m; sourceTree = "<group>"; };
		F4EB27241FAA9CB100C7F64A /* MyFirstTabBar.app */ = {isa = PBXFileReference; explicitFileType = wrapper.application; includeInIndex = 0; path = MyFirstTabBar.app; sourceTree = BUILT_PRODUCTS_DIR; };
		F4EB27271FAA9CB100C7F64A /* AppDelegate.h */ = {isa = PBXFileReference; lastKnownFileType = sourcecode.c.h; path = AppDelegate.h; sourceTree = "<group>"; };
		F4EB27281FAA9CB100C7F64A /* AppDelegate.m */ = {isa = PBXFileReference; lastKnownFileType = sourcecode.c.objc; path = AppDelegate.m; sourceTree = "<group>"; };
		F4EB272E1FAA9CB100C7F64A /* Base */ = {isa = PBXFileReference; lastKnownFileType = file.storyboard; name = Base; path = Base.lproj/Main.storyboard; sourceTree = "<group>"; };
		F4EB27311FAA9CB100C7F64A /* MyFirstTabBar.xcdatamodel */ = {isa = PBXFileReference; lastKnownFileType = wrapper.xcdatamodel; path = MyFirstTabBar.xcdatamodel; sourceTree = "<group>"; };
		F4EB27331FAA9CB100C7F64A /* Assets.xcassets */ = {isa = PBXFileReference; lastKnownFileType = folder.assetcatalog; path = Assets.xcassets; sourceTree = "<group>"; };
		F4EB27361FAA9CB100C7F64A /* Base */ = {isa = PBXFileReference; lastKnownFileType = file.storyboard; name = Base; path = Base.lproj/LaunchScreen.storyboard; sourceTree = "<group>"; };
		F4EB27381FAA9CB100C7F64A /* Info.plist */ = {isa = PBXFileReference; lastKnownFileType = text.plist.xml; path = Info.plist; sourceTree = "<group>"; };
		F4EB27391FAA9CB100C7F64A /* main.m */ = {isa = PBXFileReference; lastKnownFileType = sourcecode.c.objc; path = main.m; sourceTree = "<group>"; };
		F4EB27421FAAA1AB00C7F64A /* MyViewController1.h */ = {isa = PBXFileReference; lastKnownFileType = sourcecode.c.h; path = MyViewController1.h; sourceTree = "<group>"; };
		F4EB27431FAAA1AB00C7F64A /* MyViewController1.m */ = {isa = PBXFileReference; lastKnownFileType = sourcecode.c.objc; path = MyViewController1.m; sourceTree = "<group>"; };
		F4EB27451FAAA1BC00C7F64A /* MyViewController2.h */ = {isa = PBXFileReference; lastKnownFileType = sourcecode.c.h; path = MyViewController2.h; sourceTree = "<group>"; };
		F4EB27461FAAA1BC00C7F64A /* MyViewController2.m */ = {isa = PBXFileReference; lastKnownFileType = sourcecode.c.objc; path = MyViewController2.m; sourceTree = "<group>"; };
		F4EB27721FAAB4CF00C7F64A /* Podfile */ = {isa = PBXFileReference; lastKnownFileType = text; path = Podfile; sourceTree = "<group>"; xcLanguageSpecificationIdentifier = xcode.lang.ruby; };
		F4EFADCC1FB2E2670074F7E7 /* VersusCell.h */ = {isa = PBXFileReference; lastKnownFileType = sourcecode.c.h; path = VersusCell.h; sourceTree = "<group>"; };
		F4EFADCD1FB2E2670074F7E7 /* VersusCell.m */ = {isa = PBXFileReference; lastKnownFileType = sourcecode.c.objc; path = VersusCell.m; sourceTree = "<group>"; };
		F4EFADCE1FB2E2670074F7E7 /* VersusCell.xib */ = {isa = PBXFileReference; lastKnownFileType = file.xib; path = VersusCell.xib; sourceTree = "<group>"; };
		FED338BCA49A1C3C06416956 /* Pods-MyFirstTabBar.release.xcconfig */ = {isa = PBXFileReference; includeInIndex = 1; lastKnownFileType = text.xcconfig; name = "Pods-MyFirstTabBar.release.xcconfig"; path = "Pods/Target Support Files/Pods-MyFirstTabBar/Pods-MyFirstTabBar.release.xcconfig"; sourceTree = "<group>"; };
/* End PBXFileReference section */

/* Begin PBXFrameworksBuildPhase section */
		F4EB27211FAA9CB100C7F64A /* Frameworks */ = {
			isa = PBXFrameworksBuildPhase;
			buildActionMask = 2147483647;
			files = (
				1E613CCA6176EEDE8B80B4B4 /* libPods-MyFirstTabBar.a in Frameworks */,
			);
			runOnlyForDeploymentPostprocessing = 0;
		};
/* End PBXFrameworksBuildPhase section */

/* Begin PBXGroup section */
		132B2E359CB83CE892CB0F22 /* Pods */ = {
			isa = PBXGroup;
			children = (
				374F6B03059DFDE0506C7E50 /* Pods-MyFirstTabBar.debug.xcconfig */,
				FED338BCA49A1C3C06416956 /* Pods-MyFirstTabBar.release.xcconfig */,
			);
			name = Pods;
			sourceTree = "<group>";
		};
		F44E919A1FBD128D00EB3849 /* WebServices */ = {
			isa = PBXGroup;
			children = (
				F44E919B1FBD130B00EB3849 /* WebServices.h */,
				F44E919C1FBD130B00EB3849 /* WebServices.m */,
			);
			path = WebServices;
			sourceTree = "<group>";
		};
		F44E919E1FBD134F00EB3849 /* Models */ = {
			isa = PBXGroup;
			children = (
				F44E919F1FBD14C400EB3849 /* MatchObject.h */,
				F44E91A01FBD14C400EB3849 /* MatchObject.m */,
				F44E91A21FBD225F00EB3849 /* GamesObject.h */,
				F44E91A31FBD225F00EB3849 /* GamesObject.m */,
			);
			path = Models;
			sourceTree = "<group>";
		};
		F4EB271B1FAA9CB100C7F64A = {
			isa = PBXGroup;
			children = (
				F4EB27721FAAB4CF00C7F64A /* Podfile */,
				F4EB27261FAA9CB100C7F64A /* MyFirstTabBar */,
				F4EB27251FAA9CB100C7F64A /* Products */,
				132B2E359CB83CE892CB0F22 /* Pods */,
				FD5A555AC96B6878D7F07140 /* Frameworks */,
			);
			sourceTree = "<group>";
		};
		F4EB27251FAA9CB100C7F64A /* Products */ = {
			isa = PBXGroup;
			children = (
				F4EB27241FAA9CB100C7F64A /* MyFirstTabBar.app */,
			);
			name = Products;
			sourceTree = "<group>";
		};
		F4EB27261FAA9CB100C7F64A /* MyFirstTabBar */ = {
			isa = PBXGroup;
			children = (
				F44E919E1FBD134F00EB3849 /* Models */,
				F44E919A1FBD128D00EB3849 /* WebServices */,
				F4EFADCB1FB2E2390074F7E7 /* Cells */,
				F4EB27401FAA9CBB00C7F64A /* Controllers */,
				F4EB27411FAA9CCB00C7F64A /* Main */,
				F4EB272D1FAA9CB100C7F64A /* Main.storyboard */,
				F4EB27331FAA9CB100C7F64A /* Assets.xcassets */,
				F4EB27351FAA9CB100C7F64A /* LaunchScreen.storyboard */,
				F4EB27381FAA9CB100C7F64A /* Info.plist */,
				F4EB27391FAA9CB100C7F64A /* main.m */,
				F4EB27301FAA9CB100C7F64A /* MyFirstTabBar.xcdatamodeld */,
			);
			path = MyFirstTabBar;
			sourceTree = "<group>";
		};
		F4EB27401FAA9CBB00C7F64A /* Controllers */ = {
			isa = PBXGroup;
			children = (
				F4EB27421FAAA1AB00C7F64A /* MyViewController1.h */,
				F4EB27431FAAA1AB00C7F64A /* MyViewController1.m */,
				F4EB27451FAAA1BC00C7F64A /* MyViewController2.h */,
				F4EB27461FAAA1BC00C7F64A /* MyViewController2.m */,
			);
			path = Controllers;
			sourceTree = "<group>";
		};
		F4EB27411FAA9CCB00C7F64A /* Main */ = {
			isa = PBXGroup;
			children = (
				F4EB27281FAA9CB100C7F64A /* AppDelegate.m */,
				F4EB27271FAA9CB100C7F64A /* AppDelegate.h */,
			);
			path = Main;
			sourceTree = "<group>";
		};
		F4EFADCB1FB2E2390074F7E7 /* Cells */ = {
			isa = PBXGroup;
			children = (
				F4EFADCC1FB2E2670074F7E7 /* VersusCell.h */,
				F4EFADCD1FB2E2670074F7E7 /* VersusCell.m */,
				F4EFADCE1FB2E2670074F7E7 /* VersusCell.xib */,
			);
			path = Cells;
			sourceTree = "<group>";
		};
		FD5A555AC96B6878D7F07140 /* Frameworks */ = {
			isa = PBXGroup;
			children = (
				571418DBFEFF6FF57C6415EB /* libPods-MyFirstTabBar.a */,
			);
			name = Frameworks;
			sourceTree = "<group>";
		};
/* End PBXGroup section */

/* Begin PBXNativeTarget section */
		F4EB27231FAA9CB100C7F64A /* MyFirstTabBar */ = {
			isa = PBXNativeTarget;
			buildConfigurationList = F4EB273D1FAA9CB100C7F64A /* Build configuration list for PBXNativeTarget "MyFirstTabBar" */;
			buildPhases = (
				8107830E57CDA4992AC7B563 /* [CP] Check Pods Manifest.lock */,
				F4EB27201FAA9CB100C7F64A /* Sources */,
				F4EB27211FAA9CB100C7F64A /* Frameworks */,
				F4EB27221FAA9CB100C7F64A /* Resources */,
				741EE9EF05669FFEE81CAEC8 /* [CP] Embed Pods Frameworks */,
				D823DCCCF9173DE022148184 /* [CP] Copy Pods Resources */,
			);
			buildRules = (
			);
			dependencies = (
			);
			name = MyFirstTabBar;
			productName = MyFirstTabBar;
			productReference = F4EB27241FAA9CB100C7F64A /* MyFirstTabBar.app */;
			productType = "com.apple.product-type.application";
		};
/* End PBXNativeTarget section */

/* Begin PBXProject section */
		F4EB271C1FAA9CB100C7F64A /* Project object */ = {
			isa = PBXProject;
			attributes = {
				LastUpgradeCheck = 0900;
				ORGANIZATIONNAME = MarcoRoa;
				TargetAttributes = {
					F4EB27231FAA9CB100C7F64A = {
						CreatedOnToolsVersion = 9.0.1;
						ProvisioningStyle = Automatic;
					};
				};
			};
			buildConfigurationList = F4EB271F1FAA9CB100C7F64A /* Build configuration list for PBXProject "MyFirstTabBar" */;
			compatibilityVersion = "Xcode 8.0";
			developmentRegion = en;
			hasScannedForEncodings = 0;
			knownRegions = (
				en,
				Base,
			);
			mainGroup = F4EB271B1FAA9CB100C7F64A;
			productRefGroup = F4EB27251FAA9CB100C7F64A /* Products */;
			projectDirPath = "";
			projectRoot = "";
			targets = (
				F4EB27231FAA9CB100C7F64A /* MyFirstTabBar */,
			);
		};
/* End PBXProject section */

/* Begin PBXResourcesBuildPhase section */
		F4EB27221FAA9CB100C7F64A /* Resources */ = {
			isa = PBXResourcesBuildPhase;
			buildActionMask = 2147483647;
			files = (
				F4EB27371FAA9CB100C7F64A /* LaunchScreen.storyboard in Resources */,
				F4EB27341FAA9CB100C7F64A /* Assets.xcassets in Resources */,
				F4EFADD01FB2E2670074F7E7 /* VersusCell.xib in Resources */,
				F4EB27731FAAB4CF00C7F64A /* Podfile in Resources */,
				F4EB272F1FAA9CB100C7F64A /* Main.storyboard in Resources */,
			);
			runOnlyForDeploymentPostprocessing = 0;
		};
/* End PBXResourcesBuildPhase section */

/* Begin PBXShellScriptBuildPhase section */
		741EE9EF05669FFEE81CAEC8 /* [CP] Embed Pods Frameworks */ = {
			isa = PBXShellScriptBuildPhase;
			buildActionMask = 2147483647;
			files = (
			);
			inputPaths = (
			);
			name = "[CP] Embed Pods Frameworks";
			outputPaths = (
			);
			runOnlyForDeploymentPostprocessing = 0;
			shellPath = /bin/sh;
			shellScript = "\"${SRCROOT}/Pods/Target Support Files/Pods-MyFirstTabBar/Pods-MyFirstTabBar-frameworks.sh\"\n";
			showEnvVarsInLog = 0;
		};
		8107830E57CDA4992AC7B563 /* [CP] Check Pods Manifest.lock */ = {
			isa = PBXShellScriptBuildPhase;
			buildActionMask = 2147483647;
			files = (
			);
			inputPaths = (
				"${PODS_PODFILE_DIR_PATH}/Podfile.lock",
				"${PODS_ROOT}/Manifest.lock",
			);
			name = "[CP] Check Pods Manifest.lock";
			outputPaths = (
				"$(DERIVED_FILE_DIR)/Pods-MyFirstTabBar-checkManifestLockResult.txt",
			);
			runOnlyForDeploymentPostprocessing = 0;
			shellPath = /bin/sh;
			shellScript = "diff \"${PODS_PODFILE_DIR_PATH}/Podfile.lock\" \"${PODS_ROOT}/Manifest.lock\" > /dev/null\nif [ $? != 0 ] ; then\n    # print error to STDERR\n    echo \"error: The sandbox is not in sync with the Podfile.lock. Run 'pod install' or update your CocoaPods installation.\" >&2\n    exit 1\nfi\n# This output is used by Xcode 'outputs' to avoid re-running this script phase.\necho \"SUCCESS\" > \"${SCRIPT_OUTPUT_FILE_0}\"\n";
			showEnvVarsInLog = 0;
		};
		D823DCCCF9173DE022148184 /* [CP] Copy Pods Resources */ = {
			isa = PBXShellScriptBuildPhase;
			buildActionMask = 2147483647;
			files = (
			);
			inputPaths = (
			);
			name = "[CP] Copy Pods Resources";
			outputPaths = (
			);
			runOnlyForDeploymentPostprocessing = 0;
			shellPath = /bin/sh;
			shellScript = "\"${SRCROOT}/Pods/Target Support Files/Pods-MyFirstTabBar/Pods-MyFirstTabBar-resources.sh\"\n";
			showEnvVarsInLog = 0;
		};
/* End PBXShellScriptBuildPhase section */

/* Begin PBXSourcesBuildPhase section */
		F4EB27201FAA9CB100C7F64A /* Sources */ = {
			isa = PBXSourcesBuildPhase;
			buildActionMask = 2147483647;
			files = (
				F4EB27441FAAA1AB00C7F64A /* MyViewController1.m in Sources */,
				F4EB27321FAA9CB100C7F64A /* MyFirstTabBar.xcdatamodeld in Sources */,
				F44E919D1FBD130B00EB3849 /* WebServices.m in Sources */,
				F4EB27471FAAA1BC00C7F64A /* MyViewController2.m in Sources */,
				F44E91A11FBD14C400EB3849 /* MatchObject.m in Sources */,
				F44E91A41FBD225F00EB3849 /* GamesObject.m in Sources */,
				F4EB273A1FAA9CB100C7F64A /* main.m in Sources */,
				F4EB27291FAA9CB100C7F64A /* AppDelegate.m in Sources */,
				F4EFADCF1FB2E2670074F7E7 /* VersusCell.m in Sources */,
			);
			runOnlyForDeploymentPostprocessing = 0;
		};
/* End PBXSourcesBuildPhase section */

/* Begin PBXVariantGroup section */
		F4EB272D1FAA9CB100C7F64A /* Main.storyboard */ = {
			isa = PBXVariantGroup;
			children = (
				F4EB272E1FAA9CB100C7F64A /* Base */,
			);
			name = Main.storyboard;
			sourceTree = "<group>";
		};
		F4EB27351FAA9CB100C7F64A /* LaunchScreen.storyboard */ = {
			isa = PBXVariantGroup;
			children = (
				F4EB27361FAA9CB100C7F64A /* Base */,
			);
			name = LaunchScreen.storyboard;
			sourceTree = "<group>";
		};
/* End PBXVariantGroup section */

/* Begin XCBuildConfiguration section */
		F4EB273B1FAA9CB100C7F64A /* Debug */ = {
			isa = XCBuildConfiguration;
			buildSettings = {
				ALWAYS_SEARCH_USER_PATHS = NO;
				CLANG_ANALYZER_NONNULL = YES;
				CLANG_ANALYZER_NUMBER_OBJECT_CONVERSION = YES_AGGRESSIVE;
				CLANG_CXX_LANGUAGE_STANDARD = "gnu++14";
				CLANG_CXX_LIBRARY = "libc++";
				CLANG_ENABLE_MODULES = YES;
				CLANG_ENABLE_OBJC_ARC = YES;
				CLANG_WARN_BLOCK_CAPTURE_AUTORELEASING = YES;
				CLANG_WARN_BOOL_CONVERSION = YES;
				CLANG_WARN_COMMA = YES;
				CLANG_WARN_CONSTANT_CONVERSION = YES;
				CLANG_WARN_DIRECT_OBJC_ISA_USAGE = YES_ERROR;
				CLANG_WARN_DOCUMENTATION_COMMENTS = YES;
				CLANG_WARN_EMPTY_BODY = YES;
				CLANG_WARN_ENUM_CONVERSION = YES;
				CLANG_WARN_INFINITE_RECURSION = YES;
				CLANG_WARN_INT_CONVERSION = YES;
				CLANG_WARN_NON_LITERAL_NULL_CONVERSION = YES;
				CLANG_WARN_OBJC_LITERAL_CONVERSION = YES;
				CLANG_WARN_OBJC_ROOT_CLASS = YES_ERROR;
				CLANG_WARN_RANGE_LOOP_ANALYSIS = YES;
				CLANG_WARN_STRICT_PROTOTYPES = YES;
				CLANG_WARN_SUSPICIOUS_MOVE = YES;
				CLANG_WARN_UNGUARDED_AVAILABILITY = YES_AGGRESSIVE;
				CLANG_WARN_UNREACHABLE_CODE = YES;
				CLANG_WARN__DUPLICATE_METHOD_MATCH = YES;
				CODE_SIGN_IDENTITY = "iPhone Developer";
				COPY_PHASE_STRIP = NO;
				DEBUG_INFORMATION_FORMAT = dwarf;
				ENABLE_STRICT_OBJC_MSGSEND = YES;
				ENABLE_TESTABILITY = YES;
				GCC_C_LANGUAGE_STANDARD = gnu11;
				GCC_DYNAMIC_NO_PIC = NO;
				GCC_NO_COMMON_BLOCKS = YES;
				GCC_OPTIMIZATION_LEVEL = 0;
				GCC_PREPROCESSOR_DEFINITIONS = (
					"DEBUG=1",
					"$(inherited)",
				);
				GCC_WARN_64_TO_32_BIT_CONVERSION = YES;
				GCC_WARN_ABOUT_RETURN_TYPE = YES_ERROR;
				GCC_WARN_UNDECLARED_SELECTOR = YES;
				GCC_WARN_UNINITIALIZED_AUTOS = YES_AGGRESSIVE;
				GCC_WARN_UNUSED_FUNCTION = YES;
				GCC_WARN_UNUSED_VARIABLE = YES;
				IPHONEOS_DEPLOYMENT_TARGET = 11.0;
				MTL_ENABLE_DEBUG_INFO = YES;
				ONLY_ACTIVE_ARCH = YES;
				SDKROOT = iphoneos;
			};
			name = Debug;
		};
		F4EB273C1FAA9CB100C7F64A /* Release */ = {
			isa = XCBuildConfiguration;
			buildSettings = {
				ALWAYS_SEARCH_USER_PATHS = NO;
				CLANG_ANALYZER_NONNULL = YES;
				CLANG_ANALYZER_NUMBER_OBJECT_CONVERSION = YES_AGGRESSIVE;
				CLANG_CXX_LANGUAGE_STANDARD = "gnu++14";
				CLANG_CXX_LIBRARY = "libc++";
				CLANG_ENABLE_MODULES = YES;
				CLANG_ENABLE_OBJC_ARC = YES;
				CLANG_WARN_BLOCK_CAPTURE_AUTORELEASING = YES;
				CLANG_WARN_BOOL_CONVERSION = YES;
				CLANG_WARN_COMMA = YES;
				CLANG_WARN_CONSTANT_CONVERSION = YES;
				CLANG_WARN_DIRECT_OBJC_ISA_USAGE = YES_ERROR;
				CLANG_WARN_DOCUMENTATION_COMMENTS = YES;
				CLANG_WARN_EMPTY_BODY = YES;
				CLANG_WARN_ENUM_CONVERSION = YES;
				CLANG_WARN_INFINITE_RECURSION = YES;
				CLANG_WARN_INT_CONVERSION = YES;
				CLANG_WARN_NON_LITERAL_NULL_CONVERSION = YES;
				CLANG_WARN_OBJC_LITERAL_CONVERSION = YES;
				CLANG_WARN_OBJC_ROOT_CLASS = YES_ERROR;
				CLANG_WARN_RANGE_LOOP_ANALYSIS = YES;
				CLANG_WARN_STRICT_PROTOTYPES = YES;
				CLANG_WARN_SUSPICIOUS_MOVE = YES;
				CLANG_WARN_UNGUARDED_AVAILABILITY = YES_AGGRESSIVE;
				CLANG_WARN_UNREACHABLE_CODE = YES;
				CLANG_WARN__DUPLICATE_METHOD_MATCH = YES;
				CODE_SIGN_IDENTITY = "iPhone Developer";
				COPY_PHASE_STRIP = NO;
				DEBUG_INFORMATION_FORMAT = "dwarf-with-dsym";
				ENABLE_NS_ASSERTIONS = NO;
				ENABLE_STRICT_OBJC_MSGSEND = YES;
				GCC_C_LANGUAGE_STANDARD = gnu11;
				GCC_NO_COMMON_BLOCKS = YES;
				GCC_WARN_64_TO_32_BIT_CONVERSION = YES;
				GCC_WARN_ABOUT_RETURN_TYPE = YES_ERROR;
				GCC_WARN_UNDECLARED_SELECTOR = YES;
				GCC_WARN_UNINITIALIZED_AUTOS = YES_AGGRESSIVE;
				GCC_WARN_UNUSED_FUNCTION = YES;
				GCC_WARN_UNUSED_VARIABLE = YES;
				IPHONEOS_DEPLOYMENT_TARGET = 11.0;
				MTL_ENABLE_DEBUG_INFO = NO;
				SDKROOT = iphoneos;
				VALIDATE_PRODUCT = YES;
			};
			name = Release;
		};
		F4EB273E1FAA9CB100C7F64A /* Debug */ = {
			isa = XCBuildConfiguration;
			baseConfigurationReference = 374F6B03059DFDE0506C7E50 /* Pods-MyFirstTabBar.debug.xcconfig */;
			buildSettings = {
				ASSETCATALOG_COMPILER_APPICON_NAME = AppIcon;
				CODE_SIGN_STYLE = Automatic;
				INFOPLIST_FILE = MyFirstTabBar/Info.plist;
				LD_RUNPATH_SEARCH_PATHS = "$(inherited) @executable_path/Frameworks";
				PRODUCT_BUNDLE_IDENTIFIER = com.mroa.MyFirstTabBar;
				PRODUCT_NAME = "$(TARGET_NAME)";
				TARGETED_DEVICE_FAMILY = "1,2";
			};
			name = Debug;
		};
		F4EB273F1FAA9CB100C7F64A /* Release */ = {
			isa = XCBuildConfiguration;
			baseConfigurationReference = FED338BCA49A1C3C06416956 /* Pods-MyFirstTabBar.release.xcconfig */;
			buildSettings = {
				ASSETCATALOG_COMPILER_APPICON_NAME = AppIcon;
				CODE_SIGN_STYLE = Automatic;
				INFOPLIST_FILE = MyFirstTabBar/Info.plist;
				LD_RUNPATH_SEARCH_PATHS = "$(inherited) @executable_path/Frameworks";
				PRODUCT_BUNDLE_IDENTIFIER = com.mroa.MyFirstTabBar;
				PRODUCT_NAME = "$(TARGET_NAME)";
				TARGETED_DEVICE_FAMILY = "1,2";
			};
			name = Release;
		};
/* End XCBuildConfiguration section */

/* Begin XCConfigurationList section */
		F4EB271F1FAA9CB100C7F64A /* Build configuration list for PBXProject "MyFirstTabBar" */ = {
			isa = XCConfigurationList;
			buildConfigurations = (
				F4EB273B1FAA9CB100C7F64A /* Debug */,
				F4EB273C1FAA9CB100C7F64A /* Release */,
			);
			defaultConfigurationIsVisible = 0;
			defaultConfigurationName = Release;
		};
		F4EB273D1FAA9CB100C7F64A /* Build configuration list for PBXNativeTarget "MyFirstTabBar" */ = {
			isa = XCConfigurationList;
			buildConfigurations = (
				F4EB273E1FAA9CB100C7F64A /* Debug */,
				F4EB273F1FAA9CB100C7F64A /* Release */,
			);
			defaultConfigurationIsVisible = 0;
			defaultConfigurationName = Release;
		};
/* End XCConfigurationList section */

/* Begin XCVersionGroup section */
		F4EB27301FAA9CB100C7F64A /* MyFirstTabBar.xcdatamodeld */ = {
			isa = XCVersionGroup;
			children = (
				F4EB27311FAA9CB100C7F64A /* MyFirstTabBar.xcdatamodel */,
			);
			currentVersion = F4EB27311FAA9CB100C7F64A /* MyFirstTabBar.xcdatamodel */;
			path = MyFirstTabBar.xcdatamodeld;
			sourceTree = "<group>";
			versionGroupType = wrapper.xcdatamodel;
		};
/* End XCVersionGroup section */
	};
	rootObject = F4EB271C1FAA9CB100C7F64A /* Project object */;
}
